{
    "_readme": [
        "This file locks the dependencies of your project to a known state",
        "Read more about it at https://getcomposer.org/doc/01-basic-usage.md#composer-lock-the-lock-file",
        "This file is @generated automatically"
    ],
    "content-hash": "df4df3a74aa5c5df7118a38eec63edaf",
    "packages": [
        {
            "name": "ccxt/ccxt",
            "version": "1.18.480",
            "source": {
                "type": "git",
                "url": "https://github.com/ccxt/ccxt.git",
                "reference": "5cbdf38cac17bf009141765d729aa708f138f521"
            },
            "dist": {
                "type": "zip",
                "url": "https://api.github.com/repos/ccxt/ccxt/zipball/5cbdf38cac17bf009141765d729aa708f138f521",
                "reference": "5cbdf38cac17bf009141765d729aa708f138f521",
                "shasum": ""
            },
            "require": {
                "ext-bcmath": "*",
                "ext-curl": "*",
                "ext-gmp": "*",
                "ext-iconv": "*",
                "ext-pcre": "*",
                "kornrunner/ethereum-util": "0.0.3",
                "kornrunner/secp256k1": "0.1.0",
                "kornrunner/solidity": "0.1.2",
                "pear/console_table": "1.3.1",
                "php": ">=5.4.0",
                "symfony/polyfill-mbstring": "^1.7"
            },
            "require-dev": {
                "phpunit/phpunit": "~6"
            },
            "type": "library",
            "autoload": {
                "psr-4": {
                    "ccxt\\": "php/"
                }
            },
            "notification-url": "https://packagist.org/downloads/",
            "license": [
                "MIT"
            ],
            "authors": [
                {
                    "name": "Igor Kroitor",
                    "email": "igor.kroitor@gmail.com",
                    "homepage": "https://github.com/kroitor",
                    "role": "Developer"
                },
                {
                    "name": "Vitaly Gordon",
                    "email": "rocket.mind@gmail.com",
                    "homepage": "https://github.com/xpl",
                    "role": "Developer"
                }
            ],
            "description": "A JavaScript / Python / PHP cryptocurrency trading library with support for more than 90 bitcoin/altcoin exchanges",
            "homepage": "https://github.com/ccxt/ccxt",
            "keywords": [
                "1BTCXE",
                "1Broker",
                "ACX",
                "ANX",
                "ANXPro",
                "BL3P",
                "BTC Markets",
                "BTC Trade UA",
                "BTCC",
                "BTCChina",
                "BTCExchange",
                "BTCTrader",
                "BTCTurk",
                "BTCX",
                "BX.in.th",
                "Bit2C",
                "BitBay",
                "BitBays",
                "BitMEX",
                "BitMarket",
                "Bitcoin.co.id",
                "Bleutrade",
                "BlinkTrade",
                "BtcBox",
                "Bter.com",
                "C-CEX",
                "CEX.IO",
                "CHBTC",
                "CNY",
                "ChileBit",
                "CoinMate",
                "CoinSpot",
                "Coinsecure",
                "Crypto Capital",
                "Cryptopia",
                "DOGE",
                "EUR",
                "EXMO",
                "FYB-SE",
                "FYB-SG",
                "FoxBit",
                "Gatecoin",
                "Gemini",
                "Huobi",
                "HuobiPRO",
                "LakeBTC",
                "Liqui",
                "LiveCoin",
                "OKCoin",
                "OKCoin.cn",
                "OKCoin.com",
                "OKEX",
                "Paymium",
                "Poloniex",
                "QUOINE",
                "Qryptos",
                "QuadrigaCX",
                "Southxchange",
                "SurBitcoin",
                "TheRockTrading",
                "Tidex",
                "USD",
                "UrduBit",
                "VBTC",
                "Vaultoro",
                "VirWoX",
                "Wex",
                "YoBit",
                "Zaif",
                "acx.io",
                "algorithmic",
                "algotrading",
                "altcoin",
                "altcoins",
                "api",
                "arbitrage",
                "backtest",
                "backtesting",
                "binance",
                "binance.com",
                "bit2c.co.il",
                "bitcoin",
                "bitcoincoid",
                "bitfinex",
                "bitflyer",
                "bitflyer.jp",
                "bithumb",
                "bithumb.com",
                "bitlish",
                "bitso",
                "bitstamp",
                "bittrex",
                "bleutrade.com",
                "bot",
                "btc",
                "btc-e",
                "btc-trade.com.ua",
                "btc-x",
                "btcbox.co.jp",
                "btce",
                "btcexchange.ph",
                "btcmarkets",
                "btcmarkets.net",
                "btctrader.com",
                "btcturk.com",
                "bter",
                "ccex",
                "cex",
                "chilebit.net",
                "coin",
                "coincheck",
                "coingi",
                "coingi.com",
                "coinmarketcap",
                "coins",
                "coinspot.com.au",
                "crypto",
                "crypto currency",
                "crypto market",
                "cryptocapital.co",
                "cryptocurrency",
                "cryptopia.co.nz",
                "currencies",
                "currency",
                "darkcoin",
                "dash",
                "digital currency",
                "dogecoin",
                "dsx",
                "dsx.uk",
                "e-commerce",
                "etc",
                "eth",
                "ether",
                "ethereum",
                "exchange",
                "exchanges",
                "flowBTC",
                "flowbtc.com",
                "foxbit.exchange",
                "framework",
                "gdax",
                "hitbtc",
                "huobi.pro",
                "independent reserve",
                "independentreserve.com",
                "invest",
                "investing",
                "investor",
                "itBit",
                "jubi.com",
                "kraken",
                "lakebtc.com",
                "library",
                "light",
                "liqui.io",
                "litecoin",
                "ltc",
                "luno",
                "market",
                "market data",
                "markets",
                "mercado",
                "mercadobitcoin",
                "mercadobitcoin.br",
                "merchandise",
                "merchant",
                "minimal",
                "mixcoins",
                "mixcoins.com",
                "nova",
                "novaexchange",
                "novaexchange.com",
                "okex.com",
                "order",
                "order book",
                "orderbook",
                "price",
                "price data",
                "pricefeed",
                "private",
                "public",
                "ripple",
                "strategy",
                "surbitcoin.com",
                "tidex.com",
                "toolkit",
                "trade",
                "trader",
                "trading",
                "urdubit.com",
                "vbtc.exchange",
                "vbtc.vn",
                "volume",
                "wex.nz",
                "xBTCe",
                "xbt",
                "xbtce.com",
                "xrp",
                "yobit.net",
                "yunbi",
                "zec",
                "zerocoin"
            ],
            "time": "2019-04-19T07:41:03+00:00"
        },
        {
            "name": "fgrosse/phpasn1",
            "version": "v2.1.1",
            "source": {
                "type": "git",
                "url": "https://github.com/fgrosse/PHPASN1.git",
                "reference": "7ebf2a09084a7bbdb7b879c66fdf7ad80461bbe8"
            },
            "dist": {
                "type": "zip",
                "url": "https://api.github.com/repos/fgrosse/PHPASN1/zipball/7ebf2a09084a7bbdb7b879c66fdf7ad80461bbe8",
                "reference": "7ebf2a09084a7bbdb7b879c66fdf7ad80461bbe8",
                "shasum": ""
            },
            "require": {
                "php": ">=7.0.0"
            },
            "require-dev": {
                "phpunit/phpunit": "~6.3",
                "satooshi/php-coveralls": "~2.0"
            },
            "suggest": {
                "ext-gmp": "GMP is the preferred extension for big integer calculations",
                "php-curl": "For loading OID information from the web if they have not bee defined statically"
            },
            "type": "library",
            "extra": {
                "branch-alias": {
                    "dev-master": "2.0.x-dev"
                }
            },
            "autoload": {
                "psr-4": {
                    "FG\\": "lib/"
                }
            },
            "notification-url": "https://packagist.org/downloads/",
            "license": [
                "MIT"
            ],
            "authors": [
                {
                    "name": "Friedrich Große",
                    "email": "friedrich.grosse@gmail.com",
                    "homepage": "https://github.com/FGrosse",
                    "role": "Author"
                },
                {
                    "name": "All contributors",
                    "homepage": "https://github.com/FGrosse/PHPASN1/contributors"
                }
            ],
            "description": "A PHP Framework that allows you to encode and decode arbitrary ASN.1 structures using the ITU-T X.690 Encoding Rules.",
            "homepage": "https://github.com/FGrosse/PHPASN1",
            "keywords": [
                "DER",
                "asn.1",
                "asn1",
                "ber",
                "binary",
                "decoding",
                "encoding",
                "x.509",
                "x.690",
                "x509",
                "x690"
            ],
            "time": "2018-12-02T01:34:34+00:00"
        },
        {
            "name": "kornrunner/ethereum-util",
            "version": "0.0.3",
            "source": {
                "type": "git",
                "url": "https://github.com/kornrunner/php-ethereum-util.git",
                "reference": "2068474206bcb94c976f094c4c8bf7e64f6cf20b"
            },
            "dist": {
                "type": "zip",
                "url": "https://api.github.com/repos/kornrunner/php-ethereum-util/zipball/2068474206bcb94c976f094c4c8bf7e64f6cf20b",
                "reference": "2068474206bcb94c976f094c4c8bf7e64f6cf20b",
                "shasum": ""
            },
            "require": {
                "kornrunner/keccak": "^1.0"
            },
            "require-dev": {
                "phpunit/phpunit": "^6.5",
                "satooshi/php-coveralls": "^1.0"
            },
            "type": "library",
            "autoload": {
                "psr-4": {
                    "kornrunner\\": "src"
                }
            },
            "notification-url": "https://packagist.org/downloads/",
            "license": [
                "GPL-3.0"
            ],
            "authors": [
                {
                    "name": "Boris Momcilovic",
                    "homepage": "https://github.com/kornrunner/php-ethereum-util"
                }
            ],
            "description": "Pure PHP implementation of Ethereum Utils",
            "keywords": [
                "ethereum"
            ],
            "time": "2017-12-08T00:21:20+00:00"
        },
        {
            "name": "kornrunner/keccak",
            "version": "1.0.3",
            "source": {
                "type": "git",
                "url": "https://github.com/kornrunner/php-keccak.git",
                "reference": "ad761f528f4d1e3ce378b8a0841e5f82c9973535"
            },
            "dist": {
                "type": "zip",
                "url": "https://api.github.com/repos/kornrunner/php-keccak/zipball/ad761f528f4d1e3ce378b8a0841e5f82c9973535",
                "reference": "ad761f528f4d1e3ce378b8a0841e5f82c9973535",
                "shasum": ""
            },
            "require": {
                "php": ">=7.1.0",
                "symfony/polyfill-mbstring": "^1.8"
            },
            "require-dev": {
                "php-coveralls/php-coveralls": "^2.1",
                "phpunit/phpunit": "~7"
            },
            "type": "library",
            "autoload": {
                "psr-4": {
                    "kornrunner\\": "src"
                }
            },
            "notification-url": "https://packagist.org/downloads/",
            "license": [
                "MIT"
            ],
            "authors": [
                {
                    "name": "Boris Momcilovic",
                    "homepage": "https://github.com/kornrunner/php-keccak"
                }
            ],
            "description": "Pure PHP implementation of Keccak",
            "keywords": [
                "keccak",
                "sha-3",
                "sha3-256"
            ],
            "time": "2018-07-30T22:16:23+00:00"
        },
        {
            "name": "kornrunner/secp256k1",
            "version": "0.1.0",
            "source": {
                "type": "git",
                "url": "https://github.com/kornrunner/php-secp256k1.git",
                "reference": "e25345edd9bbe25ebeb744bdb772cd904d9e3998"
            },
            "dist": {
                "type": "zip",
                "url": "https://api.github.com/repos/kornrunner/php-secp256k1/zipball/e25345edd9bbe25ebeb744bdb772cd904d9e3998",
                "reference": "e25345edd9bbe25ebeb744bdb772cd904d9e3998",
                "shasum": ""
            },
            "require": {
                "ext-gmp": "*",
                "mdanter/ecc": "~0.5",
                "php": ">=7.1"
            },
            "require-dev": {
                "php-coveralls/php-coveralls": "^2.1",
                "phpunit/phpunit": "~6.0"
            },
            "type": "library",
            "autoload": {
                "psr-4": {
                    "kornrunner\\": "src/"
                }
            },
            "notification-url": "https://packagist.org/downloads/",
            "license": [
                "MIT"
            ],
            "authors": [
                {
                    "name": "Boris Momčilović",
                    "email": "boris.momcilovic@gmail.com"
                }
            ],
            "description": "Puse PHP secp256k1",
            "time": "2018-06-11T20:43:37+00:00"
        },
        {
            "name": "kornrunner/solidity",
            "version": "0.1.2",
            "source": {
                "type": "git",
                "url": "https://github.com/kornrunner/php-solidity.git",
                "reference": "12a2af6920d24ab52b683dfbbaaf3892cbf9bd22"
            },
            "dist": {
                "type": "zip",
                "url": "https://api.github.com/repos/kornrunner/php-solidity/zipball/12a2af6920d24ab52b683dfbbaaf3892cbf9bd22",
                "reference": "12a2af6920d24ab52b683dfbbaaf3892cbf9bd22",
                "shasum": ""
            },
            "require": {
                "ext-mbstring": "*",
                "kornrunner/keccak": "^1.0",
                "php": ">=7.1.0",
                "simplito/bn-php": "^1.0"
            },
            "require-dev": {
                "php-coveralls/php-coveralls": "^2.1",
                "phpunit/phpunit": "~7"
            },
            "type": "library",
            "autoload": {
                "psr-4": {
                    "kornrunner\\": "src"
                }
            },
            "notification-url": "https://packagist.org/downloads/",
            "license": [
                "MIT"
            ],
            "authors": [
                {
                    "name": "Boris Momcilovic",
                    "homepage": "https://github.com/kornrunner/php-solidity"
                }
            ],
            "description": "Pure PHP implementation of Solidity",
            "keywords": [
                "eth",
                "ethereum",
                "solidity"
            ],
            "time": "2018-07-30T10:27:16+00:00"
        },
        {
            "name": "mdanter/ecc",
            "version": "v0.5.2",
            "source": {
                "type": "git",
                "url": "https://github.com/phpecc/phpecc.git",
                "reference": "b95f25cc1bacc83a9f0ccd375900b7cfd343029e"
            },
            "dist": {
                "type": "zip",
                "url": "https://api.github.com/repos/phpecc/phpecc/zipball/b95f25cc1bacc83a9f0ccd375900b7cfd343029e",
                "reference": "b95f25cc1bacc83a9f0ccd375900b7cfd343029e",
                "shasum": ""
            },
            "require": {
                "ext-gmp": "*",
                "fgrosse/phpasn1": "^2.0",
                "php": "^7.0"
            },
            "require-dev": {
                "phpunit/phpunit": "^6.0",
                "squizlabs/php_codesniffer": "^2.0",
                "symfony/yaml": "^2.6|^3.0"
            },
            "type": "library",
            "autoload": {
                "psr-4": {
                    "Mdanter\\Ecc\\": "src/"
                }
            },
            "notification-url": "https://packagist.org/downloads/",
            "license": [
                "MIT"
            ],
            "authors": [
                {
                    "name": "Matyas Danter",
                    "homepage": "http://matejdanter.com/",
                    "role": "Author"
                },
                {
                    "name": "Thibaud Fabre",
                    "email": "thibaud@aztech.io",
                    "homepage": "http://aztech.io",
                    "role": "Maintainer"
                },
                {
                    "name": "Thomas Kerin",
                    "email": "afk11@users.noreply.github.com",
                    "role": "Maintainer"
                }
            ],
            "description": "PHP Elliptic Curve Cryptography library",
            "homepage": "https://github.com/phpecc/phpecc",
            "keywords": [
                "Diffie",
                "ECDSA",
                "Hellman",
                "curve",
                "ecdh",
                "elliptic",
                "nistp192",
                "nistp224",
                "nistp256",
                "nistp384",
                "nistp521",
                "phpecc",
                "secp256k1",
                "secp256r1"
            ],
            "time": "2018-12-03T18:17:01+00:00"
        },
        {
            "name": "pear/console_table",
            "version": "v1.3.1",
            "source": {
                "type": "git",
                "url": "https://github.com/pear/Console_Table.git",
                "reference": "1930c11897ca61fd24b95f2f785e99e0f36dcdea"
            },
            "dist": {
                "type": "zip",
                "url": "https://api.github.com/repos/pear/Console_Table/zipball/1930c11897ca61fd24b95f2f785e99e0f36dcdea",
                "reference": "1930c11897ca61fd24b95f2f785e99e0f36dcdea",
                "shasum": ""
            },
            "require": {
                "php": ">=5.2.0"
            },
            "suggest": {
                "pear/Console_Color2": ">=0.1.2"
            },
            "type": "library",
            "autoload": {
                "classmap": [
                    "Table.php"
                ]
            },
            "notification-url": "https://packagist.org/downloads/",
            "license": [
                "BSD-2-Clause"
            ],
            "authors": [
                {
                    "name": "Jan Schneider",
                    "homepage": "http://pear.php.net/user/yunosh"
                },
                {
                    "name": "Tal Peer",
                    "homepage": "http://pear.php.net/user/tal"
                },
                {
                    "name": "Xavier Noguer",
                    "homepage": "http://pear.php.net/user/xnoguer"
                },
                {
                    "name": "Richard Heyes",
                    "homepage": "http://pear.php.net/user/richard"
                }
            ],
            "description": "Library that makes it easy to build console style tables.",
            "homepage": "http://pear.php.net/package/Console_Table/",
            "keywords": [
                "console"
            ],
            "time": "2018-01-25T20:47:17+00:00"
        },
        {
            "name": "simplito/bigint-wrapper-php",
            "version": "1.0.0",
            "source": {
                "type": "git",
                "url": "https://github.com/simplito/bigint-wrapper-php.git",
                "reference": "cf21ec76d33f103add487b3eadbd9f5033a25930"
            },
            "dist": {
                "type": "zip",
                "url": "https://api.github.com/repos/simplito/bigint-wrapper-php/zipball/cf21ec76d33f103add487b3eadbd9f5033a25930",
                "reference": "cf21ec76d33f103add487b3eadbd9f5033a25930",
                "shasum": ""
            },
            "type": "library",
            "autoload": {
                "psr-4": {
                    "BI\\": "lib/"
                }
            },
            "notification-url": "https://packagist.org/downloads/",
            "license": [
                "MIT"
            ],
            "authors": [
                {
                    "name": "Simplito Team",
                    "email": "s.smyczynski@simplito.com",
                    "homepage": "https://simplito.com"
                }
            ],
            "description": "Common interface for php_gmp and php_bcmath modules",
            "time": "2018-02-27T12:38:08+00:00"
        },
        {
            "name": "simplito/bn-php",
            "version": "1.1.2",
            "source": {
                "type": "git",
                "url": "https://github.com/simplito/bn-php.git",
                "reference": "e852fcd27e4acbc32459606d7606e45a85e42465"
            },
            "dist": {
                "type": "zip",
                "url": "https://api.github.com/repos/simplito/bn-php/zipball/e852fcd27e4acbc32459606d7606e45a85e42465",
                "reference": "e852fcd27e4acbc32459606d7606e45a85e42465",
                "shasum": ""
            },
            "require": {
                "simplito/bigint-wrapper-php": "~1.0.0"
            },
            "require-dev": {
                "phpunit/phpunit": "*"
            },
            "type": "library",
            "autoload": {
                "psr-4": {
                    "BN\\": "lib/"
                }
            },
            "notification-url": "https://packagist.org/downloads/",
            "license": [
                "MIT"
            ],
            "authors": [
                {
                    "name": "Simplito Team",
                    "email": "s.smyczynski@simplito.com",
                    "homepage": "https://simplito.com"
                }
            ],
            "description": "Big number implementation compatible with bn.js",
            "time": "2018-04-12T11:07:43+00:00"
        },
        {
            "name": "symfony/polyfill-mbstring",
            "version": "v1.11.0",
            "source": {
                "type": "git",
                "url": "https://github.com/symfony/polyfill-mbstring.git",
                "reference": "fe5e94c604826c35a32fa832f35bd036b6799609"
            },
            "dist": {
                "type": "zip",
                "url": "https://api.github.com/repos/symfony/polyfill-mbstring/zipball/fe5e94c604826c35a32fa832f35bd036b6799609",
                "reference": "fe5e94c604826c35a32fa832f35bd036b6799609",
                "shasum": ""
            },
            "require": {
                "php": ">=5.3.3"
            },
            "suggest": {
                "ext-mbstring": "For best performance"
            },
            "type": "library",
            "extra": {
                "branch-alias": {
                    "dev-master": "1.11-dev"
                }
            },
            "autoload": {
                "psr-4": {
                    "Symfony\\Polyfill\\Mbstring\\": ""
                },
                "files": [
                    "bootstrap.php"
                ]
            },
            "notification-url": "https://packagist.org/downloads/",
            "license": [
                "MIT"
            ],
            "authors": [
                {
                    "name": "Nicolas Grekas",
                    "email": "p@tchwork.com"
                },
                {
                    "name": "Symfony Community",
                    "homepage": "https://symfony.com/contributors"
                }
            ],
            "description": "Symfony polyfill for the Mbstring extension",
            "homepage": "https://symfony.com",
            "keywords": [
                "compatibility",
                "mbstring",
                "polyfill",
                "portable",
                "shim"
            ],
            "time": "2019-02-06T07:57:58+00:00"
        }
    ],
    "packages-dev": [],
    "aliases": [],
    "minimum-stability": "stable",
    "stability-flags": [],
    "prefer-stable": false,
    "prefer-lowest": false,
    "platform": [],
    "platform-dev": []
}
